// !$*UTF8*$!
{
	archiveVersion = 1;
	classes = {
	};
	objectVersion = 50;
	objects = {

/* Begin PBXBuildFile section */
		523F41CC259284C8005A00F8 /* Professor_Grant_Horners_Bible_Reading_SystemApp.swift in Sources */ = {isa = PBXBuildFile; fileRef = 523F41CB259284C8005A00F8 /* Professor_Grant_Horners_Bible_Reading_SystemApp.swift */; };
		523F41CE259284C8005A00F8 /* ContentView.swift in Sources */ = {isa = PBXBuildFile; fileRef = 523F41CD259284C8005A00F8 /* ContentView.swift */; };
		523F41D0259284C9005A00F8 /* Assets.xcassets in Resources */ = {isa = PBXBuildFile; fileRef = 523F41CF259284C9005A00F8 /* Assets.xcassets */; };
		523F41D3259284C9005A00F8 /* Preview Assets.xcassets in Resources */ = {isa = PBXBuildFile; fileRef = 523F41D2259284C9005A00F8 /* Preview Assets.xcassets */; };
		523F41DE259284C9005A00F8 /* Professor_Grant_Horners_Bible_Reading_SystemTests.swift in Sources */ = {isa = PBXBuildFile; fileRef = 523F41DD259284C9005A00F8 /* Professor_Grant_Horners_Bible_Reading_SystemTests.swift */; };
		523F41E9259284C9005A00F8 /* Professor_Grant_Horners_Bible_Reading_SystemUITests.swift in Sources */ = {isa = PBXBuildFile; fileRef = 523F41E8259284C9005A00F8 /* Professor_Grant_Horners_Bible_Reading_SystemUITests.swift */; };
		523F420125929DC6005A00F8 /* ChapterList.swift in Sources */ = {isa = PBXBuildFile; fileRef = 523F420025929DC6005A00F8 /* ChapterList.swift */; };
		523F420625929F29005A00F8 /* CompletableListItem.swift in Sources */ = {isa = PBXBuildFile; fileRef = 523F420525929F29005A00F8 /* CompletableListItem.swift */; };
		523F42112592A21C005A00F8 /* Networker.swift in Sources */ = {isa = PBXBuildFile; fileRef = 523F42102592A21C005A00F8 /* Networker.swift */; };
		523F42172592A317005A00F8 /* RequestEntity.swift in Sources */ = {isa = PBXBuildFile; fileRef = 523F42162592A317005A00F8 /* RequestEntity.swift */; };
		523F421C2592A33D005A00F8 /* BookEntity.swift in Sources */ = {isa = PBXBuildFile; fileRef = 523F421B2592A33D005A00F8 /* BookEntity.swift */; };
		523F42212592A372005A00F8 /* ChapterEntity.swift in Sources */ = {isa = PBXBuildFile; fileRef = 523F42202592A372005A00F8 /* ChapterEntity.swift */; };
		523F422F2592A491005A00F8 /* ReadingEntry.swift in Sources */ = {isa = PBXBuildFile; fileRef = 523F422E2592A491005A00F8 /* ReadingEntry.swift */; };
		523F423A2592A671005A00F8 /* ReadingViewModel.swift in Sources */ = {isa = PBXBuildFile; fileRef = 523F42392592A671005A00F8 /* ReadingViewModel.swift */; };
/* End PBXBuildFile section */

/* Begin PBXContainerItemProxy section */
		523F41DA259284C9005A00F8 /* PBXContainerItemProxy */ = {
			isa = PBXContainerItemProxy;
			containerPortal = 523F41C0259284C8005A00F8 /* Project object */;
			proxyType = 1;
			remoteGlobalIDString = 523F41C7259284C8005A00F8;
			remoteInfo = "Professor Grant Horners Bible Reading System";
		};
		523F41E5259284C9005A00F8 /* PBXContainerItemProxy */ = {
			isa = PBXContainerItemProxy;
			containerPortal = 523F41C0259284C8005A00F8 /* Project object */;
			proxyType = 1;
			remoteGlobalIDString = 523F41C7259284C8005A00F8;
			remoteInfo = "Professor Grant Horners Bible Reading System";
		};
/* End PBXContainerItemProxy section */

/* Begin PBXFileReference section */
		523F41C8259284C8005A00F8 /* Professor Grant Horners Bible Reading System.app */ = {isa = PBXFileReference; explicitFileType = wrapper.application; includeInIndex = 0; path = "Professor Grant Horners Bible Reading System.app"; sourceTree = BUILT_PRODUCTS_DIR; };
		523F41CB259284C8005A00F8 /* Professor_Grant_Horners_Bible_Reading_SystemApp.swift */ = {isa = PBXFileReference; lastKnownFileType = sourcecode.swift; path = Professor_Grant_Horners_Bible_Reading_SystemApp.swift; sourceTree = "<group>"; };
		523F41CD259284C8005A00F8 /* ContentView.swift */ = {isa = PBXFileReference; lastKnownFileType = sourcecode.swift; path = ContentView.swift; sourceTree = "<group>"; };
		523F41CF259284C9005A00F8 /* Assets.xcassets */ = {isa = PBXFileReference; lastKnownFileType = folder.assetcatalog; path = Assets.xcassets; sourceTree = "<group>"; };
		523F41D2259284C9005A00F8 /* Preview Assets.xcassets */ = {isa = PBXFileReference; lastKnownFileType = folder.assetcatalog; path = "Preview Assets.xcassets"; sourceTree = "<group>"; };
		523F41D4259284C9005A00F8 /* Info.plist */ = {isa = PBXFileReference; lastKnownFileType = text.plist.xml; path = Info.plist; sourceTree = "<group>"; };
		523F41D9259284C9005A00F8 /* Professor Grant Horners Bible Reading SystemTests.xctest */ = {isa = PBXFileReference; explicitFileType = wrapper.cfbundle; includeInIndex = 0; path = "Professor Grant Horners Bible Reading SystemTests.xctest"; sourceTree = BUILT_PRODUCTS_DIR; };
		523F41DD259284C9005A00F8 /* Professor_Grant_Horners_Bible_Reading_SystemTests.swift */ = {isa = PBXFileReference; lastKnownFileType = sourcecode.swift; path = Professor_Grant_Horners_Bible_Reading_SystemTests.swift; sourceTree = "<group>"; };
		523F41DF259284C9005A00F8 /* Info.plist */ = {isa = PBXFileReference; lastKnownFileType = text.plist.xml; path = Info.plist; sourceTree = "<group>"; };
		523F41E4259284C9005A00F8 /* Professor Grant Horners Bible Reading SystemUITests.xctest */ = {isa = PBXFileReference; explicitFileType = wrapper.cfbundle; includeInIndex = 0; path = "Professor Grant Horners Bible Reading SystemUITests.xctest"; sourceTree = BUILT_PRODUCTS_DIR; };
		523F41E8259284C9005A00F8 /* Professor_Grant_Horners_Bible_Reading_SystemUITests.swift */ = {isa = PBXFileReference; lastKnownFileType = sourcecode.swift; path = Professor_Grant_Horners_Bible_Reading_SystemUITests.swift; sourceTree = "<group>"; };
		523F41EA259284C9005A00F8 /* Info.plist */ = {isa = PBXFileReference; lastKnownFileType = text.plist.xml; path = Info.plist; sourceTree = "<group>"; };
		523F420025929DC6005A00F8 /* ChapterList.swift */ = {isa = PBXFileReference; lastKnownFileType = sourcecode.swift; path = ChapterList.swift; sourceTree = "<group>"; };
		523F420525929F29005A00F8 /* CompletableListItem.swift */ = {isa = PBXFileReference; lastKnownFileType = sourcecode.swift; path = CompletableListItem.swift; sourceTree = "<group>"; };
		523F42102592A21C005A00F8 /* Networker.swift */ = {isa = PBXFileReference; lastKnownFileType = sourcecode.swift; path = Networker.swift; sourceTree = "<group>"; };
		523F42162592A317005A00F8 /* RequestEntity.swift */ = {isa = PBXFileReference; lastKnownFileType = sourcecode.swift; path = RequestEntity.swift; sourceTree = "<group>"; };
		523F421B2592A33D005A00F8 /* BookEntity.swift */ = {isa = PBXFileReference; lastKnownFileType = sourcecode.swift; path = BookEntity.swift; sourceTree = "<group>"; };
		523F42202592A372005A00F8 /* ChapterEntity.swift */ = {isa = PBXFileReference; lastKnownFileType = sourcecode.swift; path = ChapterEntity.swift; sourceTree = "<group>"; };
		523F422E2592A491005A00F8 /* ReadingEntry.swift */ = {isa = PBXFileReference; lastKnownFileType = sourcecode.swift; path = ReadingEntry.swift; sourceTree = "<group>"; };
		523F42392592A671005A00F8 /* ReadingViewModel.swift */ = {isa = PBXFileReference; lastKnownFileType = sourcecode.swift; path = ReadingViewModel.swift; sourceTree = "<group>"; };
/* End PBXFileReference section */

/* Begin PBXFrameworksBuildPhase section */
		523F41C5259284C8005A00F8 /* Frameworks */ = {
			isa = PBXFrameworksBuildPhase;
			buildActionMask = 2147483647;
			files = (
			);
			runOnlyForDeploymentPostprocessing = 0;
		};
		523F41D6259284C9005A00F8 /* Frameworks */ = {
			isa = PBXFrameworksBuildPhase;
			buildActionMask = 2147483647;
			files = (
			);
			runOnlyForDeploymentPostprocessing = 0;
		};
		523F41E1259284C9005A00F8 /* Frameworks */ = {
			isa = PBXFrameworksBuildPhase;
			buildActionMask = 2147483647;
			files = (
			);
			runOnlyForDeploymentPostprocessing = 0;
		};
/* End PBXFrameworksBuildPhase section */

/* Begin PBXGroup section */
		523F41BF259284C8005A00F8 = {
			isa = PBXGroup;
			children = (
				523F41CA259284C8005A00F8 /* Professor Grant Horners Bible Reading System */,
				523F41DC259284C9005A00F8 /* Professor Grant Horners Bible Reading SystemTests */,
				523F41E7259284C9005A00F8 /* Professor Grant Horners Bible Reading SystemUITests */,
				523F41C9259284C8005A00F8 /* Products */,
			);
			sourceTree = "<group>";
		};
		523F41C9259284C8005A00F8 /* Products */ = {
			isa = PBXGroup;
			children = (
				523F41C8259284C8005A00F8 /* Professor Grant Horners Bible Reading System.app */,
				523F41D9259284C9005A00F8 /* Professor Grant Horners Bible Reading SystemTests.xctest */,
				523F41E4259284C9005A00F8 /* Professor Grant Horners Bible Reading SystemUITests.xctest */,
			);
			name = Products;
			sourceTree = "<group>";
		};
		523F41CA259284C8005A00F8 /* Professor Grant Horners Bible Reading System */ = {
			isa = PBXGroup;
			children = (
				523F42252592A3D0005A00F8 /* Utility */,
				523F41FC2592852E005A00F8 /* Networking */,
				523F41FB25928523005A00F8 /* Models */,
				523F41FA25928510005A00F8 /* ViewModels */,
				523F41F9259284FE005A00F8 /* Views */,
				523F41CB259284C8005A00F8 /* Professor_Grant_Horners_Bible_Reading_SystemApp.swift */,
				523F41CD259284C8005A00F8 /* ContentView.swift */,
				523F41CF259284C9005A00F8 /* Assets.xcassets */,
				523F41D4259284C9005A00F8 /* Info.plist */,
				523F41D1259284C9005A00F8 /* Preview Content */,
			);
			path = "Professor Grant Horners Bible Reading System";
			sourceTree = "<group>";
		};
		523F41D1259284C9005A00F8 /* Preview Content */ = {
			isa = PBXGroup;
			children = (
				523F41D2259284C9005A00F8 /* Preview Assets.xcassets */,
			);
			path = "Preview Content";
			sourceTree = "<group>";
		};
		523F41DC259284C9005A00F8 /* Professor Grant Horners Bible Reading SystemTests */ = {
			isa = PBXGroup;
			children = (
				523F41DD259284C9005A00F8 /* Professor_Grant_Horners_Bible_Reading_SystemTests.swift */,
				523F41DF259284C9005A00F8 /* Info.plist */,
			);
			path = "Professor Grant Horners Bible Reading SystemTests";
			sourceTree = "<group>";
		};
		523F41E7259284C9005A00F8 /* Professor Grant Horners Bible Reading SystemUITests */ = {
			isa = PBXGroup;
			children = (
				523F41E8259284C9005A00F8 /* Professor_Grant_Horners_Bible_Reading_SystemUITests.swift */,
				523F41EA259284C9005A00F8 /* Info.plist */,
			);
			path = "Professor Grant Horners Bible Reading SystemUITests";
			sourceTree = "<group>";
		};
		523F41F9259284FE005A00F8 /* Views */ = {
			isa = PBXGroup;
			children = (
				523F420025929DC6005A00F8 /* ChapterList.swift */,
				523F420525929F29005A00F8 /* CompletableListItem.swift */,
			);
			path = Views;
			sourceTree = "<group>";
		};
		523F41FA25928510005A00F8 /* ViewModels */ = {
			isa = PBXGroup;
			children = (
				523F42392592A671005A00F8 /* ReadingViewModel.swift */,
			);
			path = ViewModels;
			sourceTree = "<group>";
		};
		523F41FB25928523005A00F8 /* Models */ = {
			isa = PBXGroup;
			children = (
				523F422E2592A491005A00F8 /* ReadingEntry.swift */,
			);
			path = Models;
			sourceTree = "<group>";
		};
		523F41FC2592852E005A00F8 /* Networking */ = {
			isa = PBXGroup;
			children = (
				523F42152592A2BE005A00F8 /* Entities */,
				523F42102592A21C005A00F8 /* Networker.swift */,
			);
			path = Networking;
			sourceTree = "<group>";
		};
		523F42152592A2BE005A00F8 /* Entities */ = {
			isa = PBXGroup;
			children = (
				523F42162592A317005A00F8 /* RequestEntity.swift */,
				523F421B2592A33D005A00F8 /* BookEntity.swift */,
				523F42202592A372005A00F8 /* ChapterEntity.swift */,
			);
			path = Entities;
			sourceTree = "<group>";
		};
		523F42252592A3D0005A00F8 /* Utility */ = {
			isa = PBXGroup;
			children = (
			);
			path = Utility;
			sourceTree = "<group>";
		};
/* End PBXGroup section */

/* Begin PBXNativeTarget section */
		523F41C7259284C8005A00F8 /* Professor Grant Horners Bible Reading System */ = {
			isa = PBXNativeTarget;
			buildConfigurationList = 523F41ED259284C9005A00F8 /* Build configuration list for PBXNativeTarget "Professor Grant Horners Bible Reading System" */;
			buildPhases = (
				523F41C4259284C8005A00F8 /* Sources */,
				523F41C5259284C8005A00F8 /* Frameworks */,
				523F41C6259284C8005A00F8 /* Resources */,
			);
			buildRules = (
			);
			dependencies = (
			);
			name = "Professor Grant Horners Bible Reading System";
			productName = "Professor Grant Horners Bible Reading System";
			productReference = 523F41C8259284C8005A00F8 /* Professor Grant Horners Bible Reading System.app */;
			productType = "com.apple.product-type.application";
		};
		523F41D8259284C9005A00F8 /* Professor Grant Horners Bible Reading SystemTests */ = {
			isa = PBXNativeTarget;
			buildConfigurationList = 523F41F0259284C9005A00F8 /* Build configuration list for PBXNativeTarget "Professor Grant Horners Bible Reading SystemTests" */;
			buildPhases = (
				523F41D5259284C9005A00F8 /* Sources */,
				523F41D6259284C9005A00F8 /* Frameworks */,
				523F41D7259284C9005A00F8 /* Resources */,
			);
			buildRules = (
			);
			dependencies = (
				523F41DB259284C9005A00F8 /* PBXTargetDependency */,
			);
			name = "Professor Grant Horners Bible Reading SystemTests";
			productName = "Professor Grant Horners Bible Reading SystemTests";
			productReference = 523F41D9259284C9005A00F8 /* Professor Grant Horners Bible Reading SystemTests.xctest */;
			productType = "com.apple.product-type.bundle.unit-test";
		};
		523F41E3259284C9005A00F8 /* Professor Grant Horners Bible Reading SystemUITests */ = {
			isa = PBXNativeTarget;
			buildConfigurationList = 523F41F3259284C9005A00F8 /* Build configuration list for PBXNativeTarget "Professor Grant Horners Bible Reading SystemUITests" */;
			buildPhases = (
				523F41E0259284C9005A00F8 /* Sources */,
				523F41E1259284C9005A00F8 /* Frameworks */,
				523F41E2259284C9005A00F8 /* Resources */,
			);
			buildRules = (
			);
			dependencies = (
				523F41E6259284C9005A00F8 /* PBXTargetDependency */,
			);
			name = "Professor Grant Horners Bible Reading SystemUITests";
			productName = "Professor Grant Horners Bible Reading SystemUITests";
			productReference = 523F41E4259284C9005A00F8 /* Professor Grant Horners Bible Reading SystemUITests.xctest */;
			productType = "com.apple.product-type.bundle.ui-testing";
		};
/* End PBXNativeTarget section */

/* Begin PBXProject section */
		523F41C0259284C8005A00F8 /* Project object */ = {
			isa = PBXProject;
			attributes = {
				LastSwiftUpdateCheck = 1230;
				LastUpgradeCheck = 1230;
				TargetAttributes = {
					523F41C7259284C8005A00F8 = {
						CreatedOnToolsVersion = 12.3;
					};
					523F41D8259284C9005A00F8 = {
						CreatedOnToolsVersion = 12.3;
						TestTargetID = 523F41C7259284C8005A00F8;
					};
					523F41E3259284C9005A00F8 = {
						CreatedOnToolsVersion = 12.3;
						TestTargetID = 523F41C7259284C8005A00F8;
					};
				};
			};
			buildConfigurationList = 523F41C3259284C8005A00F8 /* Build configuration list for PBXProject "Professor Grant Horners Bible Reading System" */;
			compatibilityVersion = "Xcode 9.3";
			developmentRegion = en;
			hasScannedForEncodings = 0;
			knownRegions = (
				en,
				Base,
			);
			mainGroup = 523F41BF259284C8005A00F8;
			productRefGroup = 523F41C9259284C8005A00F8 /* Products */;
			projectDirPath = "";
			projectRoot = "";
			targets = (
				523F41C7259284C8005A00F8 /* Professor Grant Horners Bible Reading System */,
				523F41D8259284C9005A00F8 /* Professor Grant Horners Bible Reading SystemTests */,
				523F41E3259284C9005A00F8 /* Professor Grant Horners Bible Reading SystemUITests */,
			);
		};
/* End PBXProject section */

/* Begin PBXResourcesBuildPhase section */
		523F41C6259284C8005A00F8 /* Resources */ = {
			isa = PBXResourcesBuildPhase;
			buildActionMask = 2147483647;
			files = (
				523F41D3259284C9005A00F8 /* Preview Assets.xcassets in Resources */,
				523F41D0259284C9005A00F8 /* Assets.xcassets in Resources */,
			);
			runOnlyForDeploymentPostprocessing = 0;
		};
		523F41D7259284C9005A00F8 /* Resources */ = {
			isa = PBXResourcesBuildPhase;
			buildActionMask = 2147483647;
			files = (
			);
			runOnlyForDeploymentPostprocessing = 0;
		};
		523F41E2259284C9005A00F8 /* Resources */ = {
			isa = PBXResourcesBuildPhase;
			buildActionMask = 2147483647;
			files = (
			);
			runOnlyForDeploymentPostprocessing = 0;
		};
/* End PBXResourcesBuildPhase section */

/* Begin PBXSourcesBuildPhase section */
		523F41C4259284C8005A00F8 /* Sources */ = {
			isa = PBXSourcesBuildPhase;
			buildActionMask = 2147483647;
			files = (
				523F423A2592A671005A00F8 /* ReadingViewModel.swift in Sources */,
				523F42112592A21C005A00F8 /* Networker.swift in Sources */,
				523F420125929DC6005A00F8 /* ChapterList.swift in Sources */,
				523F42212592A372005A00F8 /* ChapterEntity.swift in Sources */,
				523F41CE259284C8005A00F8 /* ContentView.swift in Sources */,
				523F41CC259284C8005A00F8 /* Professor_Grant_Horners_Bible_Reading_SystemApp.swift in Sources */,
				523F422F2592A491005A00F8 /* ReadingEntry.swift in Sources */,
				523F42172592A317005A00F8 /* RequestEntity.swift in Sources */,
				523F420625929F29005A00F8 /* CompletableListItem.swift in Sources */,
				523F421C2592A33D005A00F8 /* BookEntity.swift in Sources */,
			);
			runOnlyForDeploymentPostprocessing = 0;
		};
		523F41D5259284C9005A00F8 /* Sources */ = {
			isa = PBXSourcesBuildPhase;
			buildActionMask = 2147483647;
			files = (
				523F41DE259284C9005A00F8 /* Professor_Grant_Horners_Bible_Reading_SystemTests.swift in Sources */,
			);
			runOnlyForDeploymentPostprocessing = 0;
		};
		523F41E0259284C9005A00F8 /* Sources */ = {
			isa = PBXSourcesBuildPhase;
			buildActionMask = 2147483647;
			files = (
				523F41E9259284C9005A00F8 /* Professor_Grant_Horners_Bible_Reading_SystemUITests.swift in Sources */,
			);
			runOnlyForDeploymentPostprocessing = 0;
		};
/* End PBXSourcesBuildPhase section */

/* Begin PBXTargetDependency section */
		523F41DB259284C9005A00F8 /* PBXTargetDependency */ = {
			isa = PBXTargetDependency;
			target = 523F41C7259284C8005A00F8 /* Professor Grant Horners Bible Reading System */;
			targetProxy = 523F41DA259284C9005A00F8 /* PBXContainerItemProxy */;
		};
		523F41E6259284C9005A00F8 /* PBXTargetDependency */ = {
			isa = PBXTargetDependency;
			target = 523F41C7259284C8005A00F8 /* Professor Grant Horners Bible Reading System */;
			targetProxy = 523F41E5259284C9005A00F8 /* PBXContainerItemProxy */;
		};
/* End PBXTargetDependency section */

/* Begin XCBuildConfiguration section */
		523F41EB259284C9005A00F8 /* Debug */ = {
			isa = XCBuildConfiguration;
			buildSettings = {
				ALWAYS_SEARCH_USER_PATHS = NO;
				CLANG_ANALYZER_NONNULL = YES;
				CLANG_ANALYZER_NUMBER_OBJECT_CONVERSION = YES_AGGRESSIVE;
				CLANG_CXX_LANGUAGE_STANDARD = "gnu++14";
				CLANG_CXX_LIBRARY = "libc++";
				CLANG_ENABLE_MODULES = YES;
				CLANG_ENABLE_OBJC_ARC = YES;
				CLANG_ENABLE_OBJC_WEAK = YES;
				CLANG_WARN_BLOCK_CAPTURE_AUTORELEASING = YES;
				CLANG_WARN_BOOL_CONVERSION = YES;
				CLANG_WARN_COMMA = YES;
				CLANG_WARN_CONSTANT_CONVERSION = YES;
				CLANG_WARN_DEPRECATED_OBJC_IMPLEMENTATIONS = YES;
				CLANG_WARN_DIRECT_OBJC_ISA_USAGE = YES_ERROR;
				CLANG_WARN_DOCUMENTATION_COMMENTS = YES;
				CLANG_WARN_EMPTY_BODY = YES;
				CLANG_WARN_ENUM_CONVERSION = YES;
				CLANG_WARN_INFINITE_RECURSION = YES;
				CLANG_WARN_INT_CONVERSION = YES;
				CLANG_WARN_NON_LITERAL_NULL_CONVERSION = YES;
				CLANG_WARN_OBJC_IMPLICIT_RETAIN_SELF = YES;
				CLANG_WARN_OBJC_LITERAL_CONVERSION = YES;
				CLANG_WARN_OBJC_ROOT_CLASS = YES_ERROR;
				CLANG_WARN_QUOTED_INCLUDE_IN_FRAMEWORK_HEADER = YES;
				CLANG_WARN_RANGE_LOOP_ANALYSIS = YES;
				CLANG_WARN_STRICT_PROTOTYPES = YES;
				CLANG_WARN_SUSPICIOUS_MOVE = YES;
				CLANG_WARN_UNGUARDED_AVAILABILITY = YES_AGGRESSIVE;
				CLANG_WARN_UNREACHABLE_CODE = YES;
				CLANG_WARN__DUPLICATE_METHOD_MATCH = YES;
				COPY_PHASE_STRIP = NO;
				DEBUG_INFORMATION_FORMAT = dwarf;
				ENABLE_STRICT_OBJC_MSGSEND = YES;
				ENABLE_TESTABILITY = YES;
				GCC_C_LANGUAGE_STANDARD = gnu11;
				GCC_DYNAMIC_NO_PIC = NO;
				GCC_NO_COMMON_BLOCKS = YES;
				GCC_OPTIMIZATION_LEVEL = 0;
				GCC_PREPROCESSOR_DEFINITIONS = (
					"DEBUG=1",
					"$(inherited)",
				);
				GCC_WARN_64_TO_32_BIT_CONVERSION = YES;
				GCC_WARN_ABOUT_RETURN_TYPE = YES_ERROR;
				GCC_WARN_UNDECLARED_SELECTOR = YES;
				GCC_WARN_UNINITIALIZED_AUTOS = YES_AGGRESSIVE;
				GCC_WARN_UNUSED_FUNCTION = YES;
				GCC_WARN_UNUSED_VARIABLE = YES;
				IPHONEOS_DEPLOYMENT_TARGET = 14.3;
				MTL_ENABLE_DEBUG_INFO = INCLUDE_SOURCE;
				MTL_FAST_MATH = YES;
				ONLY_ACTIVE_ARCH = YES;
				SDKROOT = iphoneos;
				SWIFT_ACTIVE_COMPILATION_CONDITIONS = DEBUG;
				SWIFT_OPTIMIZATION_LEVEL = "-Onone";
			};
			name = Debug;
		};
		523F41EC259284C9005A00F8 /* Release */ = {
			isa = XCBuildConfiguration;
			buildSettings = {
				ALWAYS_SEARCH_USER_PATHS = NO;
				CLANG_ANALYZER_NONNULL = YES;
				CLANG_ANALYZER_NUMBER_OBJECT_CONVERSION = YES_AGGRESSIVE;
				CLANG_CXX_LANGUAGE_STANDARD = "gnu++14";
				CLANG_CXX_LIBRARY = "libc++";
				CLANG_ENABLE_MODULES = YES;
				CLANG_ENABLE_OBJC_ARC = YES;
				CLANG_ENABLE_OBJC_WEAK = YES;
				CLANG_WARN_BLOCK_CAPTURE_AUTORELEASING = YES;
				CLANG_WARN_BOOL_CONVERSION = YES;
				CLANG_WARN_COMMA = YES;
				CLANG_WARN_CONSTANT_CONVERSION = YES;
				CLANG_WARN_DEPRECATED_OBJC_IMPLEMENTATIONS = YES;
				CLANG_WARN_DIRECT_OBJC_ISA_USAGE = YES_ERROR;
				CLANG_WARN_DOCUMENTATION_COMMENTS = YES;
				CLANG_WARN_EMPTY_BODY = YES;
				CLANG_WARN_ENUM_CONVERSION = YES;
				CLANG_WARN_INFINITE_RECURSION = YES;
				CLANG_WARN_INT_CONVERSION = YES;
				CLANG_WARN_NON_LITERAL_NULL_CONVERSION = YES;
				CLANG_WARN_OBJC_IMPLICIT_RETAIN_SELF = YES;
				CLANG_WARN_OBJC_LITERAL_CONVERSION = YES;
				CLANG_WARN_OBJC_ROOT_CLASS = YES_ERROR;
				CLANG_WARN_QUOTED_INCLUDE_IN_FRAMEWORK_HEADER = YES;
				CLANG_WARN_RANGE_LOOP_ANALYSIS = YES;
				CLANG_WARN_STRICT_PROTOTYPES = YES;
				CLANG_WARN_SUSPICIOUS_MOVE = YES;
				CLANG_WARN_UNGUARDED_AVAILABILITY = YES_AGGRESSIVE;
				CLANG_WARN_UNREACHABLE_CODE = YES;
				CLANG_WARN__DUPLICATE_METHOD_MATCH = YES;
				COPY_PHASE_STRIP = NO;
				DEBUG_INFORMATION_FORMAT = "dwarf-with-dsym";
				ENABLE_NS_ASSERTIONS = NO;
				ENABLE_STRICT_OBJC_MSGSEND = YES;
				GCC_C_LANGUAGE_STANDARD = gnu11;
				GCC_NO_COMMON_BLOCKS = YES;
				GCC_WARN_64_TO_32_BIT_CONVERSION = YES;
				GCC_WARN_ABOUT_RETURN_TYPE = YES_ERROR;
				GCC_WARN_UNDECLARED_SELECTOR = YES;
				GCC_WARN_UNINITIALIZED_AUTOS = YES_AGGRESSIVE;
				GCC_WARN_UNUSED_FUNCTION = YES;
				GCC_WARN_UNUSED_VARIABLE = YES;
				IPHONEOS_DEPLOYMENT_TARGET = 14.3;
				MTL_ENABLE_DEBUG_INFO = NO;
				MTL_FAST_MATH = YES;
				SDKROOT = iphoneos;
				SWIFT_COMPILATION_MODE = wholemodule;
				SWIFT_OPTIMIZATION_LEVEL = "-O";
				VALIDATE_PRODUCT = YES;
			};
			name = Release;
		};
		523F41EE259284C9005A00F8 /* Debug */ = {
			isa = XCBuildConfiguration;
			buildSettings = {
				ASSETCATALOG_COMPILER_APPICON_NAME = AppIcon;
				ASSETCATALOG_COMPILER_GLOBAL_ACCENT_COLOR_NAME = AccentColor;
				CODE_SIGN_STYLE = Automatic;
				DEVELOPMENT_ASSET_PATHS = "\"Professor Grant Horners Bible Reading System/Preview Content\"";
				DEVELOPMENT_TEAM = 26V332SYBX;
				ENABLE_PREVIEWS = YES;
				INFOPLIST_FILE = "Professor Grant Horners Bible Reading System/Info.plist";
				IPHONEOS_DEPLOYMENT_TARGET = 14.0;
				LD_RUNPATH_SEARCH_PATHS = (
					"$(inherited)",
					"@executable_path/Frameworks",
				);
				PRODUCT_BUNDLE_IDENTIFIER = "me.johnmahlon.Professor-Grant-Horners-Bible-Reading-System";
				PRODUCT_NAME = "$(TARGET_NAME)";
				SWIFT_VERSION = 5.0;
				TARGETED_DEVICE_FAMILY = "1,2";
			};
			name = Debug;
		};
		523F41EF259284C9005A00F8 /* Release */ = {
			isa = XCBuildConfiguration;
			buildSettings = {
				ASSETCATALOG_COMPILER_APPICON_NAME = AppIcon;
				ASSETCATALOG_COMPILER_GLOBAL_ACCENT_COLOR_NAME = AccentColor;
				CODE_SIGN_STYLE = Automatic;
				DEVELOPMENT_ASSET_PATHS = "\"Professor Grant Horners Bible Reading System/Preview Content\"";
				DEVELOPMENT_TEAM = 26V332SYBX;
				ENABLE_PREVIEWS = YES;
				INFOPLIST_FILE = "Professor Grant Horners Bible Reading System/Info.plist";
				IPHONEOS_DEPLOYMENT_TARGET = 14.0;
				LD_RUNPATH_SEARCH_PATHS = (
					"$(inherited)",
					"@executable_path/Frameworks",
				);
				PRODUCT_BUNDLE_IDENTIFIER = "me.johnmahlon.Professor-Grant-Horners-Bible-Reading-System";
				PRODUCT_NAME = "$(TARGET_NAME)";
				SWIFT_VERSION = 5.0;
				TARGETED_DEVICE_FAMILY = "1,2";
			};
			name = Release;
		};
		523F41F1259284C9005A00F8 /* Debug */ = {
			isa = XCBuildConfiguration;
			buildSettings = {
				ALWAYS_EMBED_SWIFT_STANDARD_LIBRARIES = YES;
				BUNDLE_LOADER = "$(TEST_HOST)";
				CODE_SIGN_STYLE = Automatic;
				DEVELOPMENT_TEAM = 26V332SYBX;
				INFOPLIST_FILE = "Professor Grant Horners Bible Reading SystemTests/Info.plist";
				IPHONEOS_DEPLOYMENT_TARGET = 14.0;
				LD_RUNPATH_SEARCH_PATHS = (
					"$(inherited)",
					"@executable_path/Frameworks",
					"@loader_path/Frameworks",
				);
				PRODUCT_BUNDLE_IDENTIFIER = "me.johnmahlon.Professor-Grant-Horners-Bible-Reading-SystemTests";
				PRODUCT_NAME = "$(TARGET_NAME)";
				SWIFT_VERSION = 5.0;
				TARGETED_DEVICE_FAMILY = "1,2";
				TEST_HOST = "$(BUILT_PRODUCTS_DIR)/Professor Grant Horners Bible Reading System.app/Professor Grant Horners Bible Reading System";
			};
			name = Debug;
		};
		523F41F2259284C9005A00F8 /* Release */ = {
			isa = XCBuildConfiguration;
			buildSettings = {
				ALWAYS_EMBED_SWIFT_STANDARD_LIBRARIES = YES;
				BUNDLE_LOADER = "$(TEST_HOST)";
				CODE_SIGN_STYLE = Automatic;
				DEVELOPMENT_TEAM = 26V332SYBX;
				INFOPLIST_FILE = "Professor Grant Horners Bible Reading SystemTests/Info.plist";
				IPHONEOS_DEPLOYMENT_TARGET = 14.0;
				LD_RUNPATH_SEARCH_PATHS = (
					"$(inherited)",
					"@executable_path/Frameworks",
					"@loader_path/Frameworks",
				);
				PRODUCT_BUNDLE_IDENTIFIER = "me.johnmahlon.Professor-Grant-Horners-Bible-Reading-SystemTests";
				PRODUCT_NAME = "$(TARGET_NAME)";
				SWIFT_VERSION = 5.0;
				TARGETED_DEVICE_FAMILY = "1,2";
				TEST_HOST = "$(BUILT_PRODUCTS_DIR)/Professor Grant Horners Bible Reading System.app/Professor Grant Horners Bible Reading System";
			};
			name = Release;
		};
		523F41F4259284C9005A00F8 /* Debug */ = {
			isa = XCBuildConfiguration;
			buildSettings = {
				ALWAYS_EMBED_SWIFT_STANDARD_LIBRARIES = YES;
				CODE_SIGN_STYLE = Automatic;
				DEVELOPMENT_TEAM = 26V332SYBX;
				INFOPLIST_FILE = "Professor Grant Horners Bible Reading SystemUITests/Info.plist";
				LD_RUNPATH_SEARCH_PATHS = (
					"$(inherited)",
					"@executable_path/Frameworks",
					"@loader_path/Frameworks",
				);
				PRODUCT_BUNDLE_IDENTIFIER = "me.johnmahlon.Professor-Grant-Horners-Bible-Reading-SystemUITests";
				PRODUCT_NAME = "$(TARGET_NAME)";
				SWIFT_VERSION = 5.0;
				TARGETED_DEVICE_FAMILY = "1,2";
				TEST_TARGET_NAME = "Professor Grant Horners Bible Reading System";
			};
			name = Debug;
		};
		523F41F5259284C9005A00F8 /* Release */ = {
			isa = XCBuildConfiguration;
			buildSettings = {
				ALWAYS_EMBED_SWIFT_STANDARD_LIBRARIES = YES;
				CODE_SIGN_STYLE = Automatic;
				DEVELOPMENT_TEAM = 26V332SYBX;
				INFOPLIST_FILE = "Professor Grant Horners Bible Reading SystemUITests/Info.plist";
				LD_RUNPATH_SEARCH_PATHS = (
					"$(inherited)",
					"@executable_path/Frameworks",
					"@loader_path/Frameworks",
				);
				PRODUCT_BUNDLE_IDENTIFIER = "me.johnmahlon.Professor-Grant-Horners-Bible-Reading-SystemUITests";
				PRODUCT_NAME = "$(TARGET_NAME)";
				SWIFT_VERSION = 5.0;
				TARGETED_DEVICE_FAMILY = "1,2";
				TEST_TARGET_NAME = "Professor Grant Horners Bible Reading System";
			};
			name = Release;
		};
/* End XCBuildConfiguration section */

/* Begin XCConfigurationList section */
		523F41C3259284C8005A00F8 /* Build configuration list for PBXProject "Professor Grant Horners Bible Reading System" */ = {
			isa = XCConfigurationList;
			buildConfigurations = (
				523F41EB259284C9005A00F8 /* Debug */,
				523F41EC259284C9005A00F8 /* Release */,
			);
			defaultConfigurationIsVisible = 0;
			defaultConfigurationName = Release;
		};
		523F41ED259284C9005A00F8 /* Build configuration list for PBXNativeTarget "Professor Grant Horners Bible Reading System" */ = {
			isa = XCConfigurationList;
			buildConfigurations = (
				523F41EE259284C9005A00F8 /* Debug */,
				523F41EF259284C9005A00F8 /* Release */,
			);
			defaultConfigurationIsVisible = 0;
			defaultConfigurationName = Release;
		};
		523F41F0259284C9005A00F8 /* Build configuration list for PBXNativeTarget "Professor Grant Horners Bible Reading SystemTests" */ = {
			isa = XCConfigurationList;
			buildConfigurations = (
				523F41F1259284C9005A00F8 /* Debug */,
				523F41F2259284C9005A00F8 /* Release */,
			);
			defaultConfigurationIsVisible = 0;
			defaultConfigurationName = Release;
		};
		523F41F3259284C9005A00F8 /* Build configuration list for PBXNativeTarget "Professor Grant Horners Bible Reading SystemUITests" */ = {
			isa = XCConfigurationList;
			buildConfigurations = (
				523F41F4259284C9005A00F8 /* Debug */,
				523F41F5259284C9005A00F8 /* Release */,
			);
			defaultConfigurationIsVisible = 0;
			defaultConfigurationName = Release;
		};
/* End XCConfigurationList section */
	};
	rootObject = 523F41C0259284C8005A00F8 /* Project object */;
}
